
Microsoft Visual Studio Solution File, Format Version 12.00
# Visual Studio Version 17
VisualStudioVersion = 17.2.32602.215
MinimumVisualStudioVersion = 10.0.40219.1
Project("{FAE04EC0-301F-11D3-BF4B-00C04F79EFBC}") = "XamarinScreenInfo.Android", "XamarinScreenInfo\XamarinScreenInfo.Android\XamarinScreenInfo.Android.csproj", "{A3082AC3-36FF-4D63-AF72-1855C2F558C4}"
EndProject
Project("{FAE04EC0-301F-11D3-BF4B-00C04F79EFBC}") = "XamarinScreenInfo", "XamarinScreenInfo\XamarinScreenInfo\XamarinScreenInfo.csproj", "{9528CF7C-B8F3-4D1D-A1C4-60604F180E4A}"
EndProject
Global
	GlobalSection(SolutionConfigurationPlatforms) = preSolution
		Debug|Any CPU = Debug|Any CPU
		Release|Any CPU = Release|Any CPU
	EndGlobalSection
	GlobalSection(ProjectConfigurationPlatforms) = postSolution
		{A3082AC3-36FF-4D63-AF72-1855C2F558C4}.Debug|Any CPU.ActiveCfg = Debug|Any CPU
		{A3082AC3-36FF-4D63-AF72-1855C2F558C4}.Debug|Any CPU.Build.0 = Debug|Any CPU
		{A3082AC3-36FF-4D63-AF72-1855C2F558C4}.Debug|Any CPU.Deploy.0 = Debug|Any CPU
		{A3082AC3-36FF-4D63-AF72-1855C2F558C4}.Release|Any CPU.ActiveCfg = Release|Any CPU
		{A3082AC3-36FF-4D63-AF72-1855C2F558C4}.Release|Any CPU.Build.0 = Release|Any CPU
		{A3082AC3-36FF-4D63-AF72-1855C2F558C4}.Release|Any CPU.Deploy.0 = Release|Any CPU
		{9528CF7C-B8F3-4D1D-A1C4-60604F180E4A}.Debug|Any CPU.ActiveCfg = Debug|Any CPU
		{9528CF7C-B8F3-4D1D-A1C4-60604F180E4A}.Debug|Any CPU.Build.0 = Debug|Any CPU
		{9528CF7C-B8F3-4D1D-A1C4-60604F180E4A}.Debug|Any CPU.Deploy.0 = Debug|Any CPU
		{9528CF7C-B8F3-4D1D-A1C4-60604F180E4A}.Release|Any CPU.ActiveCfg = Release|Any CPU
		{9528CF7C-B8F3-4D1D-A1C4-60604F180E4A}.Release|Any CPU.Build.0 = Release|Any CPU
		{9528CF7C-B8F3-4D1D-A1C4-60604F180E4A}.Release|Any CPU.Deploy.0 = Release|Any CPU
	EndGlobalSection
	GlobalSection(SolutionProperties) = preSolution
		HideSolutionNode = FALSE
	EndGlobalSection
	GlobalSection(ExtensibilityGlobals) = postSolution
		SolutionGuid = {62BBED1E-D670-4860-919A-71ED1D102E94}
	EndGlobalSection
EndGlobal
